
Microsoft Visual Studio Solution File, Format Version 12.00
# Visual Studio Version 17
VisualStudioVersion = 17.13.35825.156 d17.13
MinimumVisualStudioVersion = 10.0.40219.1
Project("{FAE04EC0-301F-11D3-BF4B-00C04F79EFBC}") = "FrameItAPI", "FrameItAPI.csproj", "{2C50D4A0-E71C-4EB5-807E-3822AA2BBA15}"
EndProject
Global
	GlobalSection(SolutionConfigurationPlatforms) = preSolution
		Debug|Any CPU = Debug|Any CPU
		Release|Any CPU = Release|Any CPU
	EndGlobalSection
	GlobalSection(ProjectConfigurationPlatforms) = postSolution
		{2C50D4A0-E71C-4EB5-807E-3822AA2BBA15}.Debug|Any CPU.ActiveCfg = Debug|Any CPU
		{2C50D4A0-E71C-4EB5-807E-3822AA2BBA15}.Debug|Any CPU.Build.0 = Debug|Any CPU
		{2C50D4A0-E71C-4EB5-807E-3822AA2BBA15}.Release|Any CPU.ActiveCfg = Release|Any CPU
		{2C50D4A0-E71C-4EB5-807E-3822AA2BBA15}.Release|Any CPU.Build.0 = Release|Any CPU
	EndGlobalSection
	GlobalSection(SolutionProperties) = preSolution
		HideSolutionNode = FALSE
	EndGlobalSection
	GlobalSection(ExtensibilityGlobals) = postSolution
		SolutionGuid = {BBB2B967-8F24-47CF-A57F-D4DDFF457391}
	EndGlobalSection
EndGlobal
